{
  "lockfileVersion": 1,
  "workspaces": {
    "": {
      "dependencies": {
        "hono": "^4.8.5",
      },
    },
  },
  "packages": {
    "hono": [
      "hono@4.8.5",
      "",
      {},
      "sha512-Up2cQbtNz1s111qpnnECdTGqSIUIhZJMLikdKkshebQSEBcoUKq6XJayLGqSZWidiH0zfHRCJqFu062Mz5UuRA==",
    ],
  },
}
